{
  "version": 4,
  "terraform_version": "1.15.8",
  "serial": 5,
  "lineage": "f6e57b85-df36-b321-bc70-c19dcf82524e",
  "outputs": {},
  "resources": [
    {
      "mode": "managed",
      "type": "postgresql_database",
      "name": "bhphotovideo",
      "provider": "provider[\"registry.terraform.io/cyrilgdn/postgresql\"]",
      "instances": [
        {
          "schema_version": 0,
          "attributes": {
            "allow_connections": true,
            "alter_object_ownership": false,
            "connection_limit": -1,
            "encoding": "UTF8",
            "id": "bhphotovideo",
            "is_template": false,
            "lc_collate": "en_US.utf8",
            "lc_ctype": "en_US.utf8",
            "name": "bhphotovideo",
            "owner": "postgres",
            "tablespace_name": "pg_default",
            "template": "template0"
          },
          "sensitive_attributes": [],
          "identity_schema_version": 0,
          "private": "bnVsbA=="
        }
      ]
    }
  ],
  "check_results": null
}
